// !$*UTF8*$!
{
	archiveVersion = 1;
	classes = {
	};
	objectVersion = 56;
	objects = {

/* Begin PBXBuildFile section */
		E7782CC6406742D2B96BC964 /* ColisDirectApp.swift in Sources */ = {isa = PBXBuildFile; fileRef = 2CA67D61E6664B20A0BB22B7 /* ColisDirectApp.swift */; };
		F12CCE499F8A462DB1030F83 /* APIService.swift in Sources */ = {isa = PBXBuildFile; fileRef = C78DED739C4C4E64AAC435A3 /* APIService.swift */; };
		B10F79B3A75347489E6632F1 /* Models.swift in Sources */ = {isa = PBXBuildFile; fileRef = 27CCB7475EC34633B7B256C5 /* Models.swift */; };
		03F9B3A999C746FD8E6B520A /* TokenManager.swift in Sources */ = {isa = PBXBuildFile; fileRef = 444DF62972DF43399C50D801 /* TokenManager.swift */; };
		EDD94758E1504714974F34D5 /* AuthViewModel.swift in Sources */ = {isa = PBXBuildFile; fileRef = E474E8C45EED485E9535780F /* AuthViewModel.swift */; };
		BBB5D83CC7EE4D3A948E79A4 /* ClientViewModel.swift in Sources */ = {isa = PBXBuildFile; fileRef = EF23B21DFB454AAB91759137 /* ClientViewModel.swift */; };
		5C787070B4D94247B749BE75 /* TransporterViewModel.swift in Sources */ = {isa = PBXBuildFile; fileRef = D6F591A60D2A49D7813F3C7D /* TransporterViewModel.swift */; };
		906DDF52BE094073AFD688DB /* ClientProfileView.swift in Sources */ = {isa = PBXBuildFile; fileRef = 6B4B84F358DF4F01B401B2E6 /* ClientProfileView.swift */; };
		0B007D78FC334C3CAED5E27B /* CreateShipmentView.swift in Sources */ = {isa = PBXBuildFile; fileRef = 82EF5029198C4903876C342D /* CreateShipmentView.swift */; };
		EB2B160B9FC14261BBE694E5 /* PaymentFlowView.swift in Sources */ = {isa = PBXBuildFile; fileRef = 41119E0FB327440A9CA559E0 /* PaymentFlowView.swift */; };
		1D29298F6CD64F3C81BFE2D5 /* ShipmentDetailView.swift in Sources */ = {isa = PBXBuildFile; fileRef = 246909AD84EC4D5A83D94DC9 /* ShipmentDetailView.swift */; };
		035445C64D24492CA8B345C7 /* ShipmentsListView.swift in Sources */ = {isa = PBXBuildFile; fileRef = 5E846C0671A74DCC997DE4BD /* ShipmentsListView.swift */; };
		9FFAB3297C6C40688D1E0961 /* SharedComponents.swift in Sources */ = {isa = PBXBuildFile; fileRef = 8E425DF8CF634567AABCDB42 /* SharedComponents.swift */; };
		FEEC44AC2CC64624A48E7852 /* WebView.swift in Sources */ = {isa = PBXBuildFile; fileRef = DEA51CABD6BE42CF8D8E795C /* WebView.swift */; };
		80E9CEAC5FDD4FD19B26DC0C /* LoginView.swift in Sources */ = {isa = PBXBuildFile; fileRef = E5A8397EE205486BA33E68FD /* LoginView.swift */; };
		D16DE7DE57E64D4FA37041CC /* MainContainerView.swift in Sources */ = {isa = PBXBuildFile; fileRef = 3546638C12F849C2A051E538 /* MainContainerView.swift */; };
		07C3A6526F834A9AB95F1DB7 /* PublicHomeView.swift in Sources */ = {isa = PBXBuildFile; fileRef = 969984D13FA042FD8752C845 /* PublicHomeView.swift */; };
		5ADF64D74F294FAFB7E2850D /* RelayMapView.swift in Sources */ = {isa = PBXBuildFile; fileRef = D6ABDEA978D8472984C5BD01 /* RelayMapView.swift */; };
		ECDC6FE2B31A4ED6BF5BB4C6 /* RelayViews.swift in Sources */ = {isa = PBXBuildFile; fileRef = D239560E442A41898937DA7C /* RelayViews.swift */; };
		C00089716CBB41FCA671925B /* SplashView.swift in Sources */ = {isa = PBXBuildFile; fileRef = AAEAF1D32B3B4400AC38B684 /* SplashView.swift */; };
		5AE864702655436DBDEDEBEA /* AppTheme.swift in Sources */ = {isa = PBXBuildFile; fileRef = AA3C9D10EBD84D9C9DEFC896 /* AppTheme.swift */; };
		BAA66D6BF5AE444798383C21 /* TrackingView.swift in Sources */ = {isa = PBXBuildFile; fileRef = A115AFC9E44B47549C46CDAB /* TrackingView.swift */; };
		A29074FE0E4F483CB5A0E60F /* TransporterViews.swift in Sources */ = {isa = PBXBuildFile; fileRef = 756384A51CB9473DAAC8F9B9 /* TransporterViews.swift */; };
/* End PBXBuildFile section */

/* Begin PBXFileReference section */
		D7289EF6D4684A5B9F90B979 /* ColisDirectApp.app */ = {isa = PBXFileReference; explicitFileType = wrapper.application; includeInIndex = 0; path = ColisDirectApp.app; sourceTree = BUILT_PRODUCTS_DIR; };
		F549E1748BA547FC9528B8FE /* Info.plist */ = {isa = PBXFileReference; lastKnownFileType = text.plist.xml; path = Info.plist; sourceTree = "<group>"; };
		2CA67D61E6664B20A0BB22B7 /* ColisDirectApp.swift */ = {isa = PBXFileReference; lastKnownFileType = sourcecode.swift; path = ColisDirectApp.swift; sourceTree = "<group>"; };
		C78DED739C4C4E64AAC435A3 /* APIService.swift */ = {isa = PBXFileReference; lastKnownFileType = sourcecode.swift; path = APIService.swift; sourceTree = "<group>"; };
		27CCB7475EC34633B7B256C5 /* Models.swift */ = {isa = PBXFileReference; lastKnownFileType = sourcecode.swift; path = Models.swift; sourceTree = "<group>"; };
		444DF62972DF43399C50D801 /* TokenManager.swift */ = {isa = PBXFileReference; lastKnownFileType = sourcecode.swift; path = TokenManager.swift; sourceTree = "<group>"; };
		E474E8C45EED485E9535780F /* AuthViewModel.swift */ = {isa = PBXFileReference; lastKnownFileType = sourcecode.swift; path = AuthViewModel.swift; sourceTree = "<group>"; };
		EF23B21DFB454AAB91759137 /* ClientViewModel.swift */ = {isa = PBXFileReference; lastKnownFileType = sourcecode.swift; path = ClientViewModel.swift; sourceTree = "<group>"; };
		D6F591A60D2A49D7813F3C7D /* TransporterViewModel.swift */ = {isa = PBXFileReference; lastKnownFileType = sourcecode.swift; path = TransporterViewModel.swift; sourceTree = "<group>"; };
		6B4B84F358DF4F01B401B2E6 /* ClientProfileView.swift */ = {isa = PBXFileReference; lastKnownFileType = sourcecode.swift; path = ClientProfileView.swift; sourceTree = "<group>"; };
		82EF5029198C4903876C342D /* CreateShipmentView.swift */ = {isa = PBXFileReference; lastKnownFileType = sourcecode.swift; path = CreateShipmentView.swift; sourceTree = "<group>"; };
		41119E0FB327440A9CA559E0 /* PaymentFlowView.swift */ = {isa = PBXFileReference; lastKnownFileType = sourcecode.swift; path = PaymentFlowView.swift; sourceTree = "<group>"; };
		246909AD84EC4D5A83D94DC9 /* ShipmentDetailView.swift */ = {isa = PBXFileReference; lastKnownFileType = sourcecode.swift; path = ShipmentDetailView.swift; sourceTree = "<group>"; };
		5E846C0671A74DCC997DE4BD /* ShipmentsListView.swift */ = {isa = PBXFileReference; lastKnownFileType = sourcecode.swift; path = ShipmentsListView.swift; sourceTree = "<group>"; };
		8E425DF8CF634567AABCDB42 /* SharedComponents.swift */ = {isa = PBXFileReference; lastKnownFileType = sourcecode.swift; path = SharedComponents.swift; sourceTree = "<group>"; };
		DEA51CABD6BE42CF8D8E795C /* WebView.swift */ = {isa = PBXFileReference; lastKnownFileType = sourcecode.swift; path = WebView.swift; sourceTree = "<group>"; };
		E5A8397EE205486BA33E68FD /* LoginView.swift */ = {isa = PBXFileReference; lastKnownFileType = sourcecode.swift; path = LoginView.swift; sourceTree = "<group>"; };
		3546638C12F849C2A051E538 /* MainContainerView.swift */ = {isa = PBXFileReference; lastKnownFileType = sourcecode.swift; path = MainContainerView.swift; sourceTree = "<group>"; };
		969984D13FA042FD8752C845 /* PublicHomeView.swift */ = {isa = PBXFileReference; lastKnownFileType = sourcecode.swift; path = PublicHomeView.swift; sourceTree = "<group>"; };
		D6ABDEA978D8472984C5BD01 /* RelayMapView.swift */ = {isa = PBXFileReference; lastKnownFileType = sourcecode.swift; path = RelayMapView.swift; sourceTree = "<group>"; };
		D239560E442A41898937DA7C /* RelayViews.swift */ = {isa = PBXFileReference; lastKnownFileType = sourcecode.swift; path = RelayViews.swift; sourceTree = "<group>"; };
		AAEAF1D32B3B4400AC38B684 /* SplashView.swift */ = {isa = PBXFileReference; lastKnownFileType = sourcecode.swift; path = SplashView.swift; sourceTree = "<group>"; };
		AA3C9D10EBD84D9C9DEFC896 /* AppTheme.swift */ = {isa = PBXFileReference; lastKnownFileType = sourcecode.swift; path = AppTheme.swift; sourceTree = "<group>"; };
		A115AFC9E44B47549C46CDAB /* TrackingView.swift */ = {isa = PBXFileReference; lastKnownFileType = sourcecode.swift; path = TrackingView.swift; sourceTree = "<group>"; };
		756384A51CB9473DAAC8F9B9 /* TransporterViews.swift */ = {isa = PBXFileReference; lastKnownFileType = sourcecode.swift; path = TransporterViews.swift; sourceTree = "<group>"; };
/* End PBXFileReference section */

/* Begin PBXFrameworksBuildPhase section */
		C5CC4D1E6C484678AA90D687 /* Frameworks */ = {
			isa = PBXFrameworksBuildPhase;
			buildActionMask = 2147483647;
			files = (
			);
			runOnlyForDeploymentPostprocessing = 0;
		};
/* End PBXFrameworksBuildPhase section */

/* Begin PBXGroup section */
		1B11FEB58E2A46C6BB3F966A /* ColisDirectApp */ = {
			isa = PBXGroup;
			children = (
				EA22DB2ECEFD4B9B944702A0 /* Sources */,
				E94D20046C014847B5F19FC0 /* Products */,
				F549E1748BA547FC9528B8FE /* Info.plist */,
			);
			path = ColisDirectApp;
			sourceTree = "<group>";
		};
		EA22DB2ECEFD4B9B944702A0 /* Sources */ = {
			isa = PBXGroup;
			children = (
				2CA67D61E6664B20A0BB22B7 /* ColisDirectApp.swift */,
				337ABE724FF544B18D6C51B5 /* ColisDirectApp.swift */,
				218997668D284A07AAD9A50C /* Data */,
				030A98B3B89742D18396F163 /* ViewModels */,
				FE0C6DA7939141E0883ABB7B /* Views */,
			);
			path = Sources;
			sourceTree = "<group>";
		};
		337ABE724FF544B18D6C51B5 /* ColisDirectApp.swift */ = {
			isa = PBXGroup;
			children = (
			);
			path = ColisDirectApp.swift;
			sourceTree = "<group>";
		};
		218997668D284A07AAD9A50C /* Data */ = {
			isa = PBXGroup;
			children = (
				EF1CA3234C474E218DB9A844 /* API */,
				30E97525D9BC4759A32A2700 /* Local */,
			);
			path = Data;
			sourceTree = "<group>";
		};
		EF1CA3234C474E218DB9A844 /* API */ = {
			isa = PBXGroup;
			children = (
				C78DED739C4C4E64AAC435A3 /* APIService.swift */,
				27CCB7475EC34633B7B256C5 /* Models.swift */,
				0937C073CD9C4692B7D7BB45 /* APIService.swift */,
				7628C720D07B4886B381F357 /* Models.swift */,
			);
			path = API;
			sourceTree = "<group>";
		};
		0937C073CD9C4692B7D7BB45 /* APIService.swift */ = {
			isa = PBXGroup;
			children = (
			);
			path = APIService.swift;
			sourceTree = "<group>";
		};
		7628C720D07B4886B381F357 /* Models.swift */ = {
			isa = PBXGroup;
			children = (
			);
			path = Models.swift;
			sourceTree = "<group>";
		};
		30E97525D9BC4759A32A2700 /* Local */ = {
			isa = PBXGroup;
			children = (
				444DF62972DF43399C50D801 /* TokenManager.swift */,
				5D22F23C6C714A558DF5FD0B /* TokenManager.swift */,
			);
			path = Local;
			sourceTree = "<group>";
		};
		5D22F23C6C714A558DF5FD0B /* TokenManager.swift */ = {
			isa = PBXGroup;
			children = (
			);
			path = TokenManager.swift;
			sourceTree = "<group>";
		};
		030A98B3B89742D18396F163 /* ViewModels */ = {
			isa = PBXGroup;
			children = (
				E474E8C45EED485E9535780F /* AuthViewModel.swift */,
				EF23B21DFB454AAB91759137 /* ClientViewModel.swift */,
				D6F591A60D2A49D7813F3C7D /* TransporterViewModel.swift */,
				39F073B575804C3299FA281D /* AuthViewModel.swift */,
				70A4F537E3C9434280B2F437 /* ClientViewModel.swift */,
				E36B1C1A8CC64672AFB5E2C7 /* TransporterViewModel.swift */,
			);
			path = ViewModels;
			sourceTree = "<group>";
		};
		39F073B575804C3299FA281D /* AuthViewModel.swift */ = {
			isa = PBXGroup;
			children = (
			);
			path = AuthViewModel.swift;
			sourceTree = "<group>";
		};
		70A4F537E3C9434280B2F437 /* ClientViewModel.swift */ = {
			isa = PBXGroup;
			children = (
			);
			path = ClientViewModel.swift;
			sourceTree = "<group>";
		};
		E36B1C1A8CC64672AFB5E2C7 /* TransporterViewModel.swift */ = {
			isa = PBXGroup;
			children = (
			);
			path = TransporterViewModel.swift;
			sourceTree = "<group>";
		};
		FE0C6DA7939141E0883ABB7B /* Views */ = {
			isa = PBXGroup;
			children = (
				E5A8397EE205486BA33E68FD /* LoginView.swift */,
				3546638C12F849C2A051E538 /* MainContainerView.swift */,
				AAEAF1D32B3B4400AC38B684 /* SplashView.swift */,
				A115AFC9E44B47549C46CDAB /* TrackingView.swift */,
				882DF889811A48B098F41BF7 /* Client */,
				23CD342DB068471A80D6C040 /* Components */,
				E5D01E7FE20447F9B67EA40D /* LoginView.swift */,
				B98C360E41034CF08A446690 /* MainContainerView.swift */,
				8F9BAE14560F401B80998E03 /* Public */,
				DAD03068F45B43BA8AA09B63 /* Relay */,
				17AE06EA5E6A4D318362FD6B /* SplashView.swift */,
				F718107EE9D441BC96018FB0 /* Theme */,
				F188987549B34FDE9D917E09 /* TrackingView.swift */,
				ECD8AAA3884744FAACE2B375 /* Transporter */,
			);
			path = Views;
			sourceTree = "<group>";
		};
		882DF889811A48B098F41BF7 /* Client */ = {
			isa = PBXGroup;
			children = (
				6B4B84F358DF4F01B401B2E6 /* ClientProfileView.swift */,
				82EF5029198C4903876C342D /* CreateShipmentView.swift */,
				41119E0FB327440A9CA559E0 /* PaymentFlowView.swift */,
				246909AD84EC4D5A83D94DC9 /* ShipmentDetailView.swift */,
				5E846C0671A74DCC997DE4BD /* ShipmentsListView.swift */,
				C339632D452E410F9D457D4E /* ClientProfileView.swift */,
				580E2406621B479CB8421755 /* CreateShipmentView.swift */,
				3E3941F7B9694A1698085714 /* PaymentFlowView.swift */,
				422D1F6A840C44DE8AA1130C /* ShipmentDetailView.swift */,
				97A6E36C72694A90ADC21FC9 /* ShipmentsListView.swift */,
			);
			path = Client;
			sourceTree = "<group>";
		};
		C339632D452E410F9D457D4E /* ClientProfileView.swift */ = {
			isa = PBXGroup;
			children = (
			);
			path = ClientProfileView.swift;
			sourceTree = "<group>";
		};
		580E2406621B479CB8421755 /* CreateShipmentView.swift */ = {
			isa = PBXGroup;
			children = (
			);
			path = CreateShipmentView.swift;
			sourceTree = "<group>";
		};
		3E3941F7B9694A1698085714 /* PaymentFlowView.swift */ = {
			isa = PBXGroup;
			children = (
			);
			path = PaymentFlowView.swift;
			sourceTree = "<group>";
		};
		422D1F6A840C44DE8AA1130C /* ShipmentDetailView.swift */ = {
			isa = PBXGroup;
			children = (
			);
			path = ShipmentDetailView.swift;
			sourceTree = "<group>";
		};
		97A6E36C72694A90ADC21FC9 /* ShipmentsListView.swift */ = {
			isa = PBXGroup;
			children = (
			);
			path = ShipmentsListView.swift;
			sourceTree = "<group>";
		};
		23CD342DB068471A80D6C040 /* Components */ = {
			isa = PBXGroup;
			children = (
				8E425DF8CF634567AABCDB42 /* SharedComponents.swift */,
				DEA51CABD6BE42CF8D8E795C /* WebView.swift */,
				2A4814715DA744BD9B786848 /* SharedComponents.swift */,
				93E108FF007A41299425FC06 /* WebView.swift */,
			);
			path = Components;
			sourceTree = "<group>";
		};
		2A4814715DA744BD9B786848 /* SharedComponents.swift */ = {
			isa = PBXGroup;
			children = (
			);
			path = SharedComponents.swift;
			sourceTree = "<group>";
		};
		93E108FF007A41299425FC06 /* WebView.swift */ = {
			isa = PBXGroup;
			children = (
			);
			path = WebView.swift;
			sourceTree = "<group>";
		};
		E5D01E7FE20447F9B67EA40D /* LoginView.swift */ = {
			isa = PBXGroup;
			children = (
			);
			path = LoginView.swift;
			sourceTree = "<group>";
		};
		B98C360E41034CF08A446690 /* MainContainerView.swift */ = {
			isa = PBXGroup;
			children = (
			);
			path = MainContainerView.swift;
			sourceTree = "<group>";
		};
		8F9BAE14560F401B80998E03 /* Public */ = {
			isa = PBXGroup;
			children = (
				969984D13FA042FD8752C845 /* PublicHomeView.swift */,
				D6ABDEA978D8472984C5BD01 /* RelayMapView.swift */,
				BF108A753A1F445784690FE9 /* PublicHomeView.swift */,
				521E0F64F2854667867A7023 /* RelayMapView.swift */,
			);
			path = Public;
			sourceTree = "<group>";
		};
		BF108A753A1F445784690FE9 /* PublicHomeView.swift */ = {
			isa = PBXGroup;
			children = (
			);
			path = PublicHomeView.swift;
			sourceTree = "<group>";
		};
		521E0F64F2854667867A7023 /* RelayMapView.swift */ = {
			isa = PBXGroup;
			children = (
			);
			path = RelayMapView.swift;
			sourceTree = "<group>";
		};
		DAD03068F45B43BA8AA09B63 /* Relay */ = {
			isa = PBXGroup;
			children = (
				D239560E442A41898937DA7C /* RelayViews.swift */,
				F5C61D74647D4A13ADE56ACC /* RelayViews.swift */,
			);
			path = Relay;
			sourceTree = "<group>";
		};
		F5C61D74647D4A13ADE56ACC /* RelayViews.swift */ = {
			isa = PBXGroup;
			children = (
			);
			path = RelayViews.swift;
			sourceTree = "<group>";
		};
		17AE06EA5E6A4D318362FD6B /* SplashView.swift */ = {
			isa = PBXGroup;
			children = (
			);
			path = SplashView.swift;
			sourceTree = "<group>";
		};
		F718107EE9D441BC96018FB0 /* Theme */ = {
			isa = PBXGroup;
			children = (
				AA3C9D10EBD84D9C9DEFC896 /* AppTheme.swift */,
				66BF76D1C2D14D0FB111E883 /* AppTheme.swift */,
			);
			path = Theme;
			sourceTree = "<group>";
		};
		66BF76D1C2D14D0FB111E883 /* AppTheme.swift */ = {
			isa = PBXGroup;
			children = (
			);
			path = AppTheme.swift;
			sourceTree = "<group>";
		};
		F188987549B34FDE9D917E09 /* TrackingView.swift */ = {
			isa = PBXGroup;
			children = (
			);
			path = TrackingView.swift;
			sourceTree = "<group>";
		};
		ECD8AAA3884744FAACE2B375 /* Transporter */ = {
			isa = PBXGroup;
			children = (
				756384A51CB9473DAAC8F9B9 /* TransporterViews.swift */,
				DB9596FA990B43CDAEB0292A /* TransporterViews.swift */,
			);
			path = Transporter;
			sourceTree = "<group>";
		};
		DB9596FA990B43CDAEB0292A /* TransporterViews.swift */ = {
			isa = PBXGroup;
			children = (
			);
			path = TransporterViews.swift;
			sourceTree = "<group>";
		};
		E94D20046C014847B5F19FC0 /* Products */ = {
			isa = PBXGroup;
			children = (
				D7289EF6D4684A5B9F90B979 /* ColisDirectApp.app */,
			);
			name = Products;
			sourceTree = "<group>";
		};
/* End PBXGroup section */

/* Begin PBXNativeTarget section */
		0D9E2E14459F439FBBDAF815 /* ColisDirectApp */ = {
			isa = PBXNativeTarget;
			buildConfigurationList = CE6BA436A37F4DB5A62390BA /* Build configuration list for PBXNativeTarget "ColisDirectApp" */;
			buildPhases = (
				866A846DD0F940EEB8D97395 /* Sources */,
				C5CC4D1E6C484678AA90D687 /* Frameworks */,
				F90553375BE640649E837671 /* Resources */,
			);
			buildRules = (
			);
			dependencies = (
			);
			name = ColisDirectApp;
			packageProductDependencies = (
			);
			productName = ColisDirectApp;
			productReference = D7289EF6D4684A5B9F90B979 /* ColisDirectApp.app */;
			productType = "com.apple.product-type.application";
		};
/* End PBXNativeTarget section */

/* Begin PBXProject section */
		90B877BBF54F4B50AD139553 /* Project object */ = {
			isa = PBXProject;
			attributes = {
				BuildIndependentTargetsInParallel = 1;
				LastSwiftUpdateCheck = 1530;
				LastUpgradeCheck = 1530;
				TargetAttributes = {
					0D9E2E14459F439FBBDAF815 = {
						CreatedOnToolsVersion = 15.3;
					};
				};
			};
			buildConfigurationList = AC3A0DB56D834A83B8E8B6F2 /* Build configuration list for PBXProject "ColisDirectApp" */;
			compatibilityVersion = "Xcode 14.0";
			developmentRegion = fr;
			hasScannedForEncodings = 0;
			knownRegions = (
				en,
				fr,
				Base,
			);
			mainGroup = 1B11FEB58E2A46C6BB3F966A;
			productRefGroup = E94D20046C014847B5F19FC0 /* Products */;
			projectDirPath = "";
			projectRoot = "";
			targets = (
				0D9E2E14459F439FBBDAF815 /* ColisDirectApp */,
			);
		};
/* End PBXProject section */

/* Begin PBXResourcesBuildPhase section */
		F90553375BE640649E837671 /* Resources */ = {
			isa = PBXResourcesBuildPhase;
			buildActionMask = 2147483647;
			files = (
			);
			runOnlyForDeploymentPostprocessing = 0;
		};
/* End PBXResourcesBuildPhase section */

/* Begin PBXSourcesBuildPhase section */
		866A846DD0F940EEB8D97395 /* Sources */ = {
			isa = PBXSourcesBuildPhase;
			buildActionMask = 2147483647;
			files = (
				E7782CC6406742D2B96BC964 /* ColisDirectApp.swift in Sources */,
				F12CCE499F8A462DB1030F83 /* APIService.swift in Sources */,
				B10F79B3A75347489E6632F1 /* Models.swift in Sources */,
				03F9B3A999C746FD8E6B520A /* TokenManager.swift in Sources */,
				EDD94758E1504714974F34D5 /* AuthViewModel.swift in Sources */,
				BBB5D83CC7EE4D3A948E79A4 /* ClientViewModel.swift in Sources */,
				5C787070B4D94247B749BE75 /* TransporterViewModel.swift in Sources */,
				906DDF52BE094073AFD688DB /* ClientProfileView.swift in Sources */,
				0B007D78FC334C3CAED5E27B /* CreateShipmentView.swift in Sources */,
				EB2B160B9FC14261BBE694E5 /* PaymentFlowView.swift in Sources */,
				1D29298F6CD64F3C81BFE2D5 /* ShipmentDetailView.swift in Sources */,
				035445C64D24492CA8B345C7 /* ShipmentsListView.swift in Sources */,
				9FFAB3297C6C40688D1E0961 /* SharedComponents.swift in Sources */,
				FEEC44AC2CC64624A48E7852 /* WebView.swift in Sources */,
				80E9CEAC5FDD4FD19B26DC0C /* LoginView.swift in Sources */,
				D16DE7DE57E64D4FA37041CC /* MainContainerView.swift in Sources */,
				07C3A6526F834A9AB95F1DB7 /* PublicHomeView.swift in Sources */,
				5ADF64D74F294FAFB7E2850D /* RelayMapView.swift in Sources */,
				ECDC6FE2B31A4ED6BF5BB4C6 /* RelayViews.swift in Sources */,
				C00089716CBB41FCA671925B /* SplashView.swift in Sources */,
				5AE864702655436DBDEDEBEA /* AppTheme.swift in Sources */,
				BAA66D6BF5AE444798383C21 /* TrackingView.swift in Sources */,
				A29074FE0E4F483CB5A0E60F /* TransporterViews.swift in Sources */,
			);
			runOnlyForDeploymentPostprocessing = 0;
		};
/* End PBXSourcesBuildPhase section */

/* Begin XCBuildConfiguration section */
		D63680F873544DC69E085311 /* Debug */ = {
			isa = XCBuildConfiguration;
			buildSettings = {
				ALWAYS_SEARCH_USER_PATHS = NO;
				ASSET_CATALOG_COMPILER_OPTIMIZATION = space;
				CLANG_ANALYZER_NONNULL = YES;
				CLANG_CXX_LANGUAGE_STANDARD = "gnu++20";
				CLANG_ENABLE_MODULES = YES;
				CLANG_ENABLE_OBJC_ARC = YES;
				COPY_PHASE_STRIP = NO;
				DEBUG_INFORMATION_FORMAT = dwarf;
				ENABLE_STRICT_OBJC_MSGSEND = YES;
				ENABLE_TESTABILITY = YES;
				GCC_C_LANGUAGE_STANDARD = gnu17;
				GCC_DYNAMIC_NO_PIC = NO;
				GCC_OPTIMIZATION_LEVEL = 0;
				GCC_PREPROCESSOR_DEFINITIONS = (
					"DEBUG=1",
					"$(inherited)",
				);
				IPHONEOS_DEPLOYMENT_TARGET = 17.0;
				MTL_ENABLE_DEBUG_INFO = INCLUDE_SOURCE;
				MTL_FAST_MATH = YES;
				ONLY_ACTIVE_ARCH = YES;
				SDKROOT = iphoneos;
				SWIFT_ACTIVE_COMPILATION_CONDITIONS = DEBUG;
				SWIFT_OPTIMIZATION_LEVEL = "-Onone";
			};
			name = Debug;
		};
		9B02BDAC18C24E12BB8F73D2 /* Release */ = {
			isa = XCBuildConfiguration;
			buildSettings = {
				ALWAYS_SEARCH_USER_PATHS = NO;
				ASSET_CATALOG_COMPILER_OPTIMIZATION = space;
				CLANG_ANALYZER_NONNULL = YES;
				CLANG_CXX_LANGUAGE_STANDARD = "gnu++20";
				CLANG_ENABLE_MODULES = YES;
				CLANG_ENABLE_OBJC_ARC = YES;
				COPY_PHASE_STRIP = NO;
				DEBUG_INFORMATION_FORMAT = "dwarf-with-dsym";
				ENABLE_NS_ASSERTIONS = NO;
				ENABLE_STRICT_OBJC_MSGSEND = YES;
				GCC_C_LANGUAGE_STANDARD = gnu17;
				IPHONEOS_DEPLOYMENT_TARGET = 17.0;
				MTL_ENABLE_DEBUG_INFO = NO;
				MTL_FAST_MATH = YES;
				SDKROOT = iphoneos;
				SWIFT_COMPILATION_MODE = wholemodule;
				SWIFT_OPTIMIZATION_LEVEL = "-O";
				VALIDATE_PRODUCT = YES;
			};
			name = Release;
		};
		32CE0531F2A5416E91D774A1 /* Debug */ = {
			isa = XCBuildConfiguration;
			buildSettings = {
				BUNDLE_IDENTIFIER = "ci.colisdirect.app.ios.debug";
				CODE_SIGN_STYLE = Automatic;
				CURRENT_PROJECT_VERSION = 1;
				DEVELOPMENT_ASSET_PATHS = "";
				ENABLE_PREVIEWS = YES;
				GENERATE_INFOPLIST_FILE = NO;
				INFOPLIST_FILE = ColisDirectApp/Info.plist;
				IPHONEOS_DEPLOYMENT_TARGET = 17.0;
				LE_SWIFT_VERSION = 5.0;
				MARKETING_VERSION = 1.0;
				PRODUCT_BUNDLE_IDENTIFIER = "ci.colisdirect.app.ios.debug";
				PRODUCT_NAME = "$(TARGET_NAME)";
				SWIFT_EMIT_LOC_STRINGS = YES;
				SWIFT_STRICT_CONCURRENCY = complete;
				SWIFT_VERSION = 6.0;
				TARGETED_DEVICE_FAMILY = "1,2";
			};
			name = Debug;
		};
		CEF7761D69284240877AA1D7 /* Release */ = {
			isa = XCBuildConfiguration;
			buildSettings = {
				BUNDLE_IDENTIFIER = "ci.colisdirect.app.ios";
				CODE_SIGN_STYLE = Automatic;
				CURRENT_PROJECT_VERSION = 1;
				DEVELOPMENT_ASSET_PATHS = "";
				ENABLE_PREVIEWS = YES;
				GENERATE_INFOPLIST_FILE = NO;
				INFOPLIST_FILE = ColisDirectApp/Info.plist;
				IPHONEOS_DEPLOYMENT_TARGET = 17.0;
				MARKETING_VERSION = 1.0;
				PRODUCT_BUNDLE_IDENTIFIER = "ci.colisdirect.app.ios";
				PRODUCT_NAME = "$(TARGET_NAME)";
				SWIFT_EMIT_LOC_STRINGS = YES;
				SWIFT_STRICT_CONCURRENCY = complete;
				SWIFT_VERSION = 6.0;
				TARGETED_DEVICE_FAMILY = "1,2";
			};
			name = Release;
		};
/* End XCBuildConfiguration section */

/* Begin XCConfigurationList section */
		AC3A0DB56D834A83B8E8B6F2 /* Build configuration list for PBXProject "ColisDirectApp" */ = {
			isa = XCConfigurationList;
			buildConfigurations = (
				D63680F873544DC69E085311 /* Debug */,
				9B02BDAC18C24E12BB8F73D2 /* Release */,
			);
			defaultConfigurationIsVisible = 0;
			defaultConfigurationName = Release;
		};
		CE6BA436A37F4DB5A62390BA /* Build configuration list for PBXNativeTarget "ColisDirectApp" */ = {
			isa = XCConfigurationList;
			buildConfigurations = (
				32CE0531F2A5416E91D774A1 /* Debug */,
				CEF7761D69284240877AA1D7 /* Release */,
			);
			defaultConfigurationIsVisible = 0;
			defaultConfigurationName = Release;
		};
/* End XCConfigurationList section */

	};
	rootObject = 90B877BBF54F4B50AD139553 /* Project object */;
}