// !$*UTF8*$!
{
	archiveVersion = 1;
	classes = {
	};
	objectVersion = 56;
	objects = {

/* Begin PBXBuildFile section */
		85350A6150754B479407AF52 /* ColisDirectApp.swift in Sources */ = {isa = PBXBuildFile; fileRef = 511B9D6DBB3A4DEB9AFCD83E /* ColisDirectApp.swift */; };
		478023CBF1F6408EA43093FD /* APIService.swift in Sources */ = {isa = PBXBuildFile; fileRef = A714A25EC17146CC8B7174A4 /* APIService.swift */; };
		77E10B5D60A143BFB72F04BB /* Models.swift in Sources */ = {isa = PBXBuildFile; fileRef = 2EF3FB96DA294C9DBF517F5E /* Models.swift */; };
		8CB68EE519BB48488E9B1908 /* TokenManager.swift in Sources */ = {isa = PBXBuildFile; fileRef = CFEA7223DAB84E6B99049B05 /* TokenManager.swift */; };
		475687D01B5941449298DBAF /* AuthViewModel.swift in Sources */ = {isa = PBXBuildFile; fileRef = F8E23F1687F849EB8AA2C781 /* AuthViewModel.swift */; };
		F0DC1FFCCDCF4C4BAA389686 /* ClientViewModel.swift in Sources */ = {isa = PBXBuildFile; fileRef = DA65E7E09865442AB1DD13E3 /* ClientViewModel.swift */; };
		B267B807CF08417CACAC821A /* TransporterViewModel.swift in Sources */ = {isa = PBXBuildFile; fileRef = 5EF60795C2A3432A91288963 /* TransporterViewModel.swift */; };
		EA36FD7A655547B897440AA7 /* ClientProfileView.swift in Sources */ = {isa = PBXBuildFile; fileRef = 51EA89AB57A04662A664F1E4 /* ClientProfileView.swift */; };
		5C23E608844E4F888CA58866 /* CreateShipmentView.swift in Sources */ = {isa = PBXBuildFile; fileRef = D6737BA516024B05A6DF0B7D /* CreateShipmentView.swift */; };
		5D5CBD48A0E24E65A2366235 /* PaymentFlowView.swift in Sources */ = {isa = PBXBuildFile; fileRef = 2EA1CA1D97BD478F989D86ED /* PaymentFlowView.swift */; };
		805D926FAB8F466382310824 /* ShipmentDetailView.swift in Sources */ = {isa = PBXBuildFile; fileRef = F497D88D0EBF431B99B32CA8 /* ShipmentDetailView.swift */; };
		0622DD419764482DB305AC7B /* ShipmentsListView.swift in Sources */ = {isa = PBXBuildFile; fileRef = 8ED28C55C09841DCB5478DB0 /* ShipmentsListView.swift */; };
		4319A6C86A314EBF8732F21E /* SharedComponents.swift in Sources */ = {isa = PBXBuildFile; fileRef = A899657F3BBE4A1690CACBDA /* SharedComponents.swift */; };
		A03F309D7C434675A9D35E5A /* LoginView.swift in Sources */ = {isa = PBXBuildFile; fileRef = 5840922BEB45440FA94618B1 /* LoginView.swift */; };
		C34AF1D6692648EEA8F325B9 /* MainContainerView.swift in Sources */ = {isa = PBXBuildFile; fileRef = 984EFCC8DC4F4B549229D0AA /* MainContainerView.swift */; };
		5685E88D10A84F009BDB3E3E /* PublicHomeView.swift in Sources */ = {isa = PBXBuildFile; fileRef = EA785948E94149A798BA9494 /* PublicHomeView.swift */; };
		F3DBC1CEFF5347EFBC739FF8 /* RelayMapView.swift in Sources */ = {isa = PBXBuildFile; fileRef = 2750413D817547DAB120613A /* RelayMapView.swift */; };
		04BF6739A58F4B91B31892FA /* RelayViews.swift in Sources */ = {isa = PBXBuildFile; fileRef = CD541A6F3A074BCAA81BD2B4 /* RelayViews.swift */; };
		6A355CF4DCC44204ACAA0143 /* SplashView.swift in Sources */ = {isa = PBXBuildFile; fileRef = 78005B6FEDB54B5886F6805C /* SplashView.swift */; };
		7B642F8D9F974B34A4C1C017 /* AppTheme.swift in Sources */ = {isa = PBXBuildFile; fileRef = 92BE4FFA1990468E9ACAED00 /* AppTheme.swift */; };
		BF5957CFD178442592FC3965 /* TrackingView.swift in Sources */ = {isa = PBXBuildFile; fileRef = E9708B0A58634344BB9BAA7A /* TrackingView.swift */; };
		46E21FF288614D17A00FB103 /* TransporterViews.swift in Sources */ = {isa = PBXBuildFile; fileRef = 48F3197AE79145D1B167579D /* TransporterViews.swift */; };
/* End PBXBuildFile section */

/* Begin PBXFileReference section */
		9D352D77F3B648A9823A11FC /* ColisDirectApp.app */ = {isa = PBXFileReference; explicitFileType = wrapper.application; includeInIndex = 0; path = ColisDirectApp.app; sourceTree = BUILT_PRODUCTS_DIR; };
		FE5A39CCBB7046FBBE04ABA9 /* Info.plist */ = {isa = PBXFileReference; lastKnownFileType = text.plist.xml; path = Info.plist; sourceTree = "<group>"; };
		511B9D6DBB3A4DEB9AFCD83E /* ColisDirectApp.swift */ = {isa = PBXFileReference; lastKnownFileType = sourcecode.swift; path = ColisDirectApp.swift; sourceTree = "<group>"; };
		A714A25EC17146CC8B7174A4 /* APIService.swift */ = {isa = PBXFileReference; lastKnownFileType = sourcecode.swift; path = APIService.swift; sourceTree = "<group>"; };
		2EF3FB96DA294C9DBF517F5E /* Models.swift */ = {isa = PBXFileReference; lastKnownFileType = sourcecode.swift; path = Models.swift; sourceTree = "<group>"; };
		CFEA7223DAB84E6B99049B05 /* TokenManager.swift */ = {isa = PBXFileReference; lastKnownFileType = sourcecode.swift; path = TokenManager.swift; sourceTree = "<group>"; };
		F8E23F1687F849EB8AA2C781 /* AuthViewModel.swift */ = {isa = PBXFileReference; lastKnownFileType = sourcecode.swift; path = AuthViewModel.swift; sourceTree = "<group>"; };
		DA65E7E09865442AB1DD13E3 /* ClientViewModel.swift */ = {isa = PBXFileReference; lastKnownFileType = sourcecode.swift; path = ClientViewModel.swift; sourceTree = "<group>"; };
		5EF60795C2A3432A91288963 /* TransporterViewModel.swift */ = {isa = PBXFileReference; lastKnownFileType = sourcecode.swift; path = TransporterViewModel.swift; sourceTree = "<group>"; };
		51EA89AB57A04662A664F1E4 /* ClientProfileView.swift */ = {isa = PBXFileReference; lastKnownFileType = sourcecode.swift; path = ClientProfileView.swift; sourceTree = "<group>"; };
		D6737BA516024B05A6DF0B7D /* CreateShipmentView.swift */ = {isa = PBXFileReference; lastKnownFileType = sourcecode.swift; path = CreateShipmentView.swift; sourceTree = "<group>"; };
		2EA1CA1D97BD478F989D86ED /* PaymentFlowView.swift */ = {isa = PBXFileReference; lastKnownFileType = sourcecode.swift; path = PaymentFlowView.swift; sourceTree = "<group>"; };
		F497D88D0EBF431B99B32CA8 /* ShipmentDetailView.swift */ = {isa = PBXFileReference; lastKnownFileType = sourcecode.swift; path = ShipmentDetailView.swift; sourceTree = "<group>"; };
		8ED28C55C09841DCB5478DB0 /* ShipmentsListView.swift */ = {isa = PBXFileReference; lastKnownFileType = sourcecode.swift; path = ShipmentsListView.swift; sourceTree = "<group>"; };
		A899657F3BBE4A1690CACBDA /* SharedComponents.swift */ = {isa = PBXFileReference; lastKnownFileType = sourcecode.swift; path = SharedComponents.swift; sourceTree = "<group>"; };
		5840922BEB45440FA94618B1 /* LoginView.swift */ = {isa = PBXFileReference; lastKnownFileType = sourcecode.swift; path = LoginView.swift; sourceTree = "<group>"; };
		984EFCC8DC4F4B549229D0AA /* MainContainerView.swift */ = {isa = PBXFileReference; lastKnownFileType = sourcecode.swift; path = MainContainerView.swift; sourceTree = "<group>"; };
		EA785948E94149A798BA9494 /* PublicHomeView.swift */ = {isa = PBXFileReference; lastKnownFileType = sourcecode.swift; path = PublicHomeView.swift; sourceTree = "<group>"; };
		2750413D817547DAB120613A /* RelayMapView.swift */ = {isa = PBXFileReference; lastKnownFileType = sourcecode.swift; path = RelayMapView.swift; sourceTree = "<group>"; };
		CD541A6F3A074BCAA81BD2B4 /* RelayViews.swift */ = {isa = PBXFileReference; lastKnownFileType = sourcecode.swift; path = RelayViews.swift; sourceTree = "<group>"; };
		78005B6FEDB54B5886F6805C /* SplashView.swift */ = {isa = PBXFileReference; lastKnownFileType = sourcecode.swift; path = SplashView.swift; sourceTree = "<group>"; };
		92BE4FFA1990468E9ACAED00 /* AppTheme.swift */ = {isa = PBXFileReference; lastKnownFileType = sourcecode.swift; path = AppTheme.swift; sourceTree = "<group>"; };
		E9708B0A58634344BB9BAA7A /* TrackingView.swift */ = {isa = PBXFileReference; lastKnownFileType = sourcecode.swift; path = TrackingView.swift; sourceTree = "<group>"; };
		48F3197AE79145D1B167579D /* TransporterViews.swift */ = {isa = PBXFileReference; lastKnownFileType = sourcecode.swift; path = TransporterViews.swift; sourceTree = "<group>"; };
/* End PBXFileReference section */

/* Begin PBXFrameworksBuildPhase section */
		9D81C475E3424976B3F025D7 /* Frameworks */ = {
			isa = PBXFrameworksBuildPhase;
			buildActionMask = 2147483647;
			files = (
			);
			runOnlyForDeploymentPostprocessing = 0;
		};
/* End PBXFrameworksBuildPhase section */

/* Begin PBXGroup section */
		8D4B990B52134F389F8F03E9 /* ColisDirectApp */ = {
			isa = PBXGroup;
			children = (
				EEDA6EBD5A354B749D192880 /* Sources */,
				26940EE4357943C89A2AF1AC /* Products */,
				FE5A39CCBB7046FBBE04ABA9 /* Info.plist */,
			);
			path = ColisDirectApp;
			sourceTree = "<group>";
		};
		EEDA6EBD5A354B749D192880 /* Sources */ = {
			isa = PBXGroup;
			children = (
				511B9D6DBB3A4DEB9AFCD83E /* ColisDirectApp.swift */,
				DE7F018595B5453DA537A0D6 /* ColisDirectApp.swift */,
				5CAC0BEC9A8F42E4AF4C50F7 /* Data */,
				D47387BEF9BA4DB4A8FDC4DA /* ViewModels */,
				0678FF75B92A4B7BBE5A5947 /* Views */,
			);
			path = Sources;
			sourceTree = "<group>";
		};
		DE7F018595B5453DA537A0D6 /* ColisDirectApp.swift */ = {
			isa = PBXGroup;
			children = (
			);
			path = ColisDirectApp.swift;
			sourceTree = "<group>";
		};
		5CAC0BEC9A8F42E4AF4C50F7 /* Data */ = {
			isa = PBXGroup;
			children = (
				FF62F49DD9724B1F99F99D83 /* API */,
				8F007276115F47869F8FC208 /* Local */,
			);
			path = Data;
			sourceTree = "<group>";
		};
		FF62F49DD9724B1F99F99D83 /* API */ = {
			isa = PBXGroup;
			children = (
				A714A25EC17146CC8B7174A4 /* APIService.swift */,
				2EF3FB96DA294C9DBF517F5E /* Models.swift */,
				03E2E9BB5A434DCC94176E24 /* APIService.swift */,
				D62D2BDEB5844485AA43B5D2 /* Models.swift */,
			);
			path = API;
			sourceTree = "<group>";
		};
		03E2E9BB5A434DCC94176E24 /* APIService.swift */ = {
			isa = PBXGroup;
			children = (
			);
			path = APIService.swift;
			sourceTree = "<group>";
		};
		D62D2BDEB5844485AA43B5D2 /* Models.swift */ = {
			isa = PBXGroup;
			children = (
			);
			path = Models.swift;
			sourceTree = "<group>";
		};
		8F007276115F47869F8FC208 /* Local */ = {
			isa = PBXGroup;
			children = (
				CFEA7223DAB84E6B99049B05 /* TokenManager.swift */,
				60D97DE87D974C30A08BC58F /* TokenManager.swift */,
			);
			path = Local;
			sourceTree = "<group>";
		};
		60D97DE87D974C30A08BC58F /* TokenManager.swift */ = {
			isa = PBXGroup;
			children = (
			);
			path = TokenManager.swift;
			sourceTree = "<group>";
		};
		D47387BEF9BA4DB4A8FDC4DA /* ViewModels */ = {
			isa = PBXGroup;
			children = (
				F8E23F1687F849EB8AA2C781 /* AuthViewModel.swift */,
				DA65E7E09865442AB1DD13E3 /* ClientViewModel.swift */,
				5EF60795C2A3432A91288963 /* TransporterViewModel.swift */,
				86336C7259ED406A91DDF8CE /* AuthViewModel.swift */,
				E1BEB8CCCF50451EB81D10CD /* ClientViewModel.swift */,
				A10119A2F41E4A92B088902E /* TransporterViewModel.swift */,
			);
			path = ViewModels;
			sourceTree = "<group>";
		};
		86336C7259ED406A91DDF8CE /* AuthViewModel.swift */ = {
			isa = PBXGroup;
			children = (
			);
			path = AuthViewModel.swift;
			sourceTree = "<group>";
		};
		E1BEB8CCCF50451EB81D10CD /* ClientViewModel.swift */ = {
			isa = PBXGroup;
			children = (
			);
			path = ClientViewModel.swift;
			sourceTree = "<group>";
		};
		A10119A2F41E4A92B088902E /* TransporterViewModel.swift */ = {
			isa = PBXGroup;
			children = (
			);
			path = TransporterViewModel.swift;
			sourceTree = "<group>";
		};
		0678FF75B92A4B7BBE5A5947 /* Views */ = {
			isa = PBXGroup;
			children = (
				5840922BEB45440FA94618B1 /* LoginView.swift */,
				984EFCC8DC4F4B549229D0AA /* MainContainerView.swift */,
				78005B6FEDB54B5886F6805C /* SplashView.swift */,
				E9708B0A58634344BB9BAA7A /* TrackingView.swift */,
				E3B6B980DE314D64BE8427BC /* Client */,
				F18BB332EBE242C1B1E470CD /* Components */,
				788F95C936E4445B9607CED5 /* LoginView.swift */,
				A7A4CAF9C8774126A2D230C4 /* MainContainerView.swift */,
				94F1A53728694F37AF6A1D22 /* Public */,
				5F2DDC6D666F4FB1AA316DF1 /* Relay */,
				10C5E89588124FE098751A79 /* SplashView.swift */,
				74BCBF6E500744A8A39BDEF4 /* Theme */,
				66BD1C81D0E84EAA9DBE6573 /* TrackingView.swift */,
				B67A60F6E92B4430ACD46EE8 /* Transporter */,
			);
			path = Views;
			sourceTree = "<group>";
		};
		E3B6B980DE314D64BE8427BC /* Client */ = {
			isa = PBXGroup;
			children = (
				51EA89AB57A04662A664F1E4 /* ClientProfileView.swift */,
				D6737BA516024B05A6DF0B7D /* CreateShipmentView.swift */,
				2EA1CA1D97BD478F989D86ED /* PaymentFlowView.swift */,
				F497D88D0EBF431B99B32CA8 /* ShipmentDetailView.swift */,
				8ED28C55C09841DCB5478DB0 /* ShipmentsListView.swift */,
				DF6CAF52791E4CE6A8CF1078 /* ClientProfileView.swift */,
				BD464C7DA1E64C9494D813F9 /* CreateShipmentView.swift */,
				D02A7447545B4826A6286B4F /* PaymentFlowView.swift */,
				4C7C403854304D79BEBC0BC4 /* ShipmentDetailView.swift */,
				BBC740FFB90F43958AC56D5E /* ShipmentsListView.swift */,
			);
			path = Client;
			sourceTree = "<group>";
		};
		DF6CAF52791E4CE6A8CF1078 /* ClientProfileView.swift */ = {
			isa = PBXGroup;
			children = (
			);
			path = ClientProfileView.swift;
			sourceTree = "<group>";
		};
		BD464C7DA1E64C9494D813F9 /* CreateShipmentView.swift */ = {
			isa = PBXGroup;
			children = (
			);
			path = CreateShipmentView.swift;
			sourceTree = "<group>";
		};
		D02A7447545B4826A6286B4F /* PaymentFlowView.swift */ = {
			isa = PBXGroup;
			children = (
			);
			path = PaymentFlowView.swift;
			sourceTree = "<group>";
		};
		4C7C403854304D79BEBC0BC4 /* ShipmentDetailView.swift */ = {
			isa = PBXGroup;
			children = (
			);
			path = ShipmentDetailView.swift;
			sourceTree = "<group>";
		};
		BBC740FFB90F43958AC56D5E /* ShipmentsListView.swift */ = {
			isa = PBXGroup;
			children = (
			);
			path = ShipmentsListView.swift;
			sourceTree = "<group>";
		};
		F18BB332EBE242C1B1E470CD /* Components */ = {
			isa = PBXGroup;
			children = (
				A899657F3BBE4A1690CACBDA /* SharedComponents.swift */,
				ED9889626A19456B8956F029 /* SharedComponents.swift */,
			);
			path = Components;
			sourceTree = "<group>";
		};
		ED9889626A19456B8956F029 /* SharedComponents.swift */ = {
			isa = PBXGroup;
			children = (
			);
			path = SharedComponents.swift;
			sourceTree = "<group>";
		};
		788F95C936E4445B9607CED5 /* LoginView.swift */ = {
			isa = PBXGroup;
			children = (
			);
			path = LoginView.swift;
			sourceTree = "<group>";
		};
		A7A4CAF9C8774126A2D230C4 /* MainContainerView.swift */ = {
			isa = PBXGroup;
			children = (
			);
			path = MainContainerView.swift;
			sourceTree = "<group>";
		};
		94F1A53728694F37AF6A1D22 /* Public */ = {
			isa = PBXGroup;
			children = (
				EA785948E94149A798BA9494 /* PublicHomeView.swift */,
				2750413D817547DAB120613A /* RelayMapView.swift */,
				FE8531ECFA5744BCBEEF127D /* PublicHomeView.swift */,
				E86FCE902A294A138D80F18B /* RelayMapView.swift */,
			);
			path = Public;
			sourceTree = "<group>";
		};
		FE8531ECFA5744BCBEEF127D /* PublicHomeView.swift */ = {
			isa = PBXGroup;
			children = (
			);
			path = PublicHomeView.swift;
			sourceTree = "<group>";
		};
		E86FCE902A294A138D80F18B /* RelayMapView.swift */ = {
			isa = PBXGroup;
			children = (
			);
			path = RelayMapView.swift;
			sourceTree = "<group>";
		};
		5F2DDC6D666F4FB1AA316DF1 /* Relay */ = {
			isa = PBXGroup;
			children = (
				CD541A6F3A074BCAA81BD2B4 /* RelayViews.swift */,
				AA203F5D201E4E34A916AE0E /* RelayViews.swift */,
			);
			path = Relay;
			sourceTree = "<group>";
		};
		AA203F5D201E4E34A916AE0E /* RelayViews.swift */ = {
			isa = PBXGroup;
			children = (
			);
			path = RelayViews.swift;
			sourceTree = "<group>";
		};
		10C5E89588124FE098751A79 /* SplashView.swift */ = {
			isa = PBXGroup;
			children = (
			);
			path = SplashView.swift;
			sourceTree = "<group>";
		};
		74BCBF6E500744A8A39BDEF4 /* Theme */ = {
			isa = PBXGroup;
			children = (
				92BE4FFA1990468E9ACAED00 /* AppTheme.swift */,
				33768B00DF2340EFA563521E /* AppTheme.swift */,
			);
			path = Theme;
			sourceTree = "<group>";
		};
		33768B00DF2340EFA563521E /* AppTheme.swift */ = {
			isa = PBXGroup;
			children = (
			);
			path = AppTheme.swift;
			sourceTree = "<group>";
		};
		66BD1C81D0E84EAA9DBE6573 /* TrackingView.swift */ = {
			isa = PBXGroup;
			children = (
			);
			path = TrackingView.swift;
			sourceTree = "<group>";
		};
		B67A60F6E92B4430ACD46EE8 /* Transporter */ = {
			isa = PBXGroup;
			children = (
				48F3197AE79145D1B167579D /* TransporterViews.swift */,
				AA09CC53B36344EE9A8658F6 /* TransporterViews.swift */,
			);
			path = Transporter;
			sourceTree = "<group>";
		};
		AA09CC53B36344EE9A8658F6 /* TransporterViews.swift */ = {
			isa = PBXGroup;
			children = (
			);
			path = TransporterViews.swift;
			sourceTree = "<group>";
		};
		26940EE4357943C89A2AF1AC /* Products */ = {
			isa = PBXGroup;
			children = (
				9D352D77F3B648A9823A11FC /* ColisDirectApp.app */,
			);
			name = Products;
			sourceTree = "<group>";
		};
/* End PBXGroup section */

/* Begin PBXNativeTarget section */
		665FE1228F564D37A9E259EB /* ColisDirectApp */ = {
			isa = PBXNativeTarget;
			buildConfigurationList = 3FB8FEB259094427A79047D2 /* Build configuration list for PBXNativeTarget "ColisDirectApp" */;
			buildPhases = (
				53F1256D39144A44A6F4CEAA /* Sources */,
				9D81C475E3424976B3F025D7 /* Frameworks */,
				5179947D243E499AA6EB8465 /* Resources */,
			);
			buildRules = (
			);
			dependencies = (
			);
			name = ColisDirectApp;
			packageProductDependencies = (
			);
			productName = ColisDirectApp;
			productReference = 9D352D77F3B648A9823A11FC /* ColisDirectApp.app */;
			productType = "com.apple.product-type.application";
		};
/* End PBXNativeTarget section */

/* Begin PBXProject section */
		76F1D32B2F6F42D7BAC7DACB /* Project object */ = {
			isa = PBXProject;
			attributes = {
				BuildIndependentTargetsInParallel = 1;
				LastSwiftUpdateCheck = 1530;
				LastUpgradeCheck = 1530;
				TargetAttributes = {
					665FE1228F564D37A9E259EB = {
						CreatedOnToolsVersion = 15.3;
					};
				};
			};
			buildConfigurationList = 9520E7B0884842C1AAAEB629 /* Build configuration list for PBXProject "ColisDirectApp" */;
			compatibilityVersion = "Xcode 14.0";
			developmentRegion = fr;
			hasScannedForEncodings = 0;
			knownRegions = (
				en,
				fr,
				Base,
			);
			mainGroup = 8D4B990B52134F389F8F03E9;
			productRefGroup = 26940EE4357943C89A2AF1AC /* Products */;
			projectDirPath = "";
			projectRoot = "";
			targets = (
				665FE1228F564D37A9E259EB /* ColisDirectApp */,
			);
		};
/* End PBXProject section */

/* Begin PBXResourcesBuildPhase section */
		5179947D243E499AA6EB8465 /* Resources */ = {
			isa = PBXResourcesBuildPhase;
			buildActionMask = 2147483647;
			files = (
			);
			runOnlyForDeploymentPostprocessing = 0;
		};
/* End PBXResourcesBuildPhase section */

/* Begin PBXSourcesBuildPhase section */
		53F1256D39144A44A6F4CEAA /* Sources */ = {
			isa = PBXSourcesBuildPhase;
			buildActionMask = 2147483647;
			files = (
				85350A6150754B479407AF52 /* ColisDirectApp.swift in Sources */,
				478023CBF1F6408EA43093FD /* APIService.swift in Sources */,
				77E10B5D60A143BFB72F04BB /* Models.swift in Sources */,
				8CB68EE519BB48488E9B1908 /* TokenManager.swift in Sources */,
				475687D01B5941449298DBAF /* AuthViewModel.swift in Sources */,
				F0DC1FFCCDCF4C4BAA389686 /* ClientViewModel.swift in Sources */,
				B267B807CF08417CACAC821A /* TransporterViewModel.swift in Sources */,
				EA36FD7A655547B897440AA7 /* ClientProfileView.swift in Sources */,
				5C23E608844E4F888CA58866 /* CreateShipmentView.swift in Sources */,
				5D5CBD48A0E24E65A2366235 /* PaymentFlowView.swift in Sources */,
				805D926FAB8F466382310824 /* ShipmentDetailView.swift in Sources */,
				0622DD419764482DB305AC7B /* ShipmentsListView.swift in Sources */,
				4319A6C86A314EBF8732F21E /* SharedComponents.swift in Sources */,
				A03F309D7C434675A9D35E5A /* LoginView.swift in Sources */,
				C34AF1D6692648EEA8F325B9 /* MainContainerView.swift in Sources */,
				5685E88D10A84F009BDB3E3E /* PublicHomeView.swift in Sources */,
				F3DBC1CEFF5347EFBC739FF8 /* RelayMapView.swift in Sources */,
				04BF6739A58F4B91B31892FA /* RelayViews.swift in Sources */,
				6A355CF4DCC44204ACAA0143 /* SplashView.swift in Sources */,
				7B642F8D9F974B34A4C1C017 /* AppTheme.swift in Sources */,
				BF5957CFD178442592FC3965 /* TrackingView.swift in Sources */,
				46E21FF288614D17A00FB103 /* TransporterViews.swift in Sources */,
			);
			runOnlyForDeploymentPostprocessing = 0;
		};
/* End PBXSourcesBuildPhase section */

/* Begin XCBuildConfiguration section */
		A7EE2F31238745FF8FE912EA /* Debug */ = {
			isa = XCBuildConfiguration;
			buildSettings = {
				ALWAYS_SEARCH_USER_PATHS = NO;
				ASSET_CATALOG_COMPILER_OPTIMIZATION = space;
				CLANG_ANALYZER_NONNULL = YES;
				CLANG_CXX_LANGUAGE_STANDARD = "gnu++20";
				CLANG_ENABLE_MODULES = YES;
				CLANG_ENABLE_OBJC_ARC = YES;
				COPY_PHASE_STRIP = NO;
				DEBUG_INFORMATION_FORMAT = dwarf;
				ENABLE_STRICT_OBJC_MSGSEND = YES;
				ENABLE_TESTABILITY = YES;
				GCC_C_LANGUAGE_STANDARD = gnu17;
				GCC_DYNAMIC_NO_PIC = NO;
				GCC_OPTIMIZATION_LEVEL = 0;
				GCC_PREPROCESSOR_DEFINITIONS = (
					"DEBUG=1",
					"$(inherited)",
				);
				IPHONEOS_DEPLOYMENT_TARGET = 17.0;
				MTL_ENABLE_DEBUG_INFO = INCLUDE_SOURCE;
				MTL_FAST_MATH = YES;
				ONLY_ACTIVE_ARCH = YES;
				SDKROOT = iphoneos;
				SWIFT_ACTIVE_COMPILATION_CONDITIONS = DEBUG;
				SWIFT_OPTIMIZATION_LEVEL = "-Onone";
			};
			name = Debug;
		};
		6AE2156FE4F84B7B8FF06401 /* Release */ = {
			isa = XCBuildConfiguration;
			buildSettings = {
				ALWAYS_SEARCH_USER_PATHS = NO;
				ASSET_CATALOG_COMPILER_OPTIMIZATION = space;
				CLANG_ANALYZER_NONNULL = YES;
				CLANG_CXX_LANGUAGE_STANDARD = "gnu++20";
				CLANG_ENABLE_MODULES = YES;
				CLANG_ENABLE_OBJC_ARC = YES;
				COPY_PHASE_STRIP = NO;
				DEBUG_INFORMATION_FORMAT = "dwarf-with-dsym";
				ENABLE_NS_ASSERTIONS = NO;
				ENABLE_STRICT_OBJC_MSGSEND = YES;
				GCC_C_LANGUAGE_STANDARD = gnu17;
				IPHONEOS_DEPLOYMENT_TARGET = 17.0;
				MTL_ENABLE_DEBUG_INFO = NO;
				MTL_FAST_MATH = YES;
				SDKROOT = iphoneos;
				SWIFT_COMPILATION_MODE = wholemodule;
				SWIFT_OPTIMIZATION_LEVEL = "-O";
				VALIDATE_PRODUCT = YES;
			};
			name = Release;
		};
		6154B73E853B424797BCC6DB /* Debug */ = {
			isa = XCBuildConfiguration;
			buildSettings = {
				BUNDLE_IDENTIFIER = "ci.colisdirect.app.ios.debug";
				CODE_SIGN_STYLE = Automatic;
				CURRENT_PROJECT_VERSION = 1;
				DEVELOPMENT_ASSET_PATHS = "";
				ENABLE_PREVIEWS = YES;
				GENERATE_INFOPLIST_FILE = NO;
				INFOPLIST_FILE = ColisDirectApp/Info.plist;
				IPHONEOS_DEPLOYMENT_TARGET = 17.0;
				LE_SWIFT_VERSION = 5.0;
				MARKETING_VERSION = 1.0;
				PRODUCT_BUNDLE_IDENTIFIER = "{BUNDLE_ID}.debug";
				PRODUCT_NAME = "$(TARGET_NAME)";
				SWIFT_EMIT_LOC_STRINGS = YES;
				SWIFT_STRICT_CONCURRENCY = complete;
				SWIFT_VERSION = 6.0;
				TARGETED_DEVICE_FAMILY = "1,2";
			};
			name = Debug;
		};
		2F4B045B0EA84D3DBC35BD9F /* Release */ = {
			isa = XCBuildConfiguration;
			buildSettings = {
				BUNDLE_IDENTIFIER = "ci.colisdirect.app.ios";
				CODE_SIGN_STYLE = Automatic;
				CURRENT_PROJECT_VERSION = 1;
				DEVELOPMENT_ASSET_PATHS = "";
				ENABLE_PREVIEWS = YES;
				GENERATE_INFOPLIST_FILE = NO;
				INFOPLIST_FILE = ColisDirectApp/Info.plist;
				IPHONEOS_DEPLOYMENT_TARGET = 17.0;
				MARKETING_VERSION = 1.0;
				PRODUCT_BUNDLE_IDENTIFIER = "ci.colisdirect.app.ios";
				PRODUCT_NAME = "$(TARGET_NAME)";
				SWIFT_EMIT_LOC_STRINGS = YES;
				SWIFT_STRICT_CONCURRENCY = complete;
				SWIFT_VERSION = 6.0;
				TARGETED_DEVICE_FAMILY = "1,2";
			};
			name = Release;
		};
/* End XCBuildConfiguration section */

/* Begin XCConfigurationList section */
		9520E7B0884842C1AAAEB629 /* Build configuration list for PBXProject "ColisDirectApp" */ = {
			isa = XCConfigurationList;
			buildConfigurations = (
				A7EE2F31238745FF8FE912EA /* Debug */,
				6AE2156FE4F84B7B8FF06401 /* Release */,
			);
			defaultConfigurationIsVisible = 0;
			defaultConfigurationName = Release;
		};
		3FB8FEB259094427A79047D2 /* Build configuration list for PBXNativeTarget "ColisDirectApp" */ = {
			isa = XCConfigurationList;
			buildConfigurations = (
				6154B73E853B424797BCC6DB /* Debug */,
				2F4B045B0EA84D3DBC35BD9F /* Release */,
			);
			defaultConfigurationIsVisible = 0;
			defaultConfigurationName = Release;
		};
/* End XCConfigurationList section */

	};
	rootObject = 76F1D32B2F6F42D7BAC7DACB /* Project object */;
}